
Microsoft Visual Studio Solution File, Format Version 12.00
# Visual Studio Version 17
VisualStudioVersion = 17.7.34024.191
MinimumVisualStudioVersion = 10.0.40219.1
Project("{FAE04EC0-301F-11D3-BF4B-00C04F79EFBC}") = "mouse click events", "mouse click events\mouse click events.csproj", "{BF37BA1E-3C66-41A9-94D1-1B25BE4A9CC2}"
EndProject
Global
	GlobalSection(SolutionConfigurationPlatforms) = preSolution
		Debug|Any CPU = Debug|Any CPU
		Release|Any CPU = Release|Any CPU
	EndGlobalSection
	GlobalSection(ProjectConfigurationPlatforms) = postSolution
		{BF37BA1E-3C66-41A9-94D1-1B25BE4A9CC2}.Debug|Any CPU.ActiveCfg = Debug|Any CPU
		{BF37BA1E-3C66-41A9-94D1-1B25BE4A9CC2}.Debug|Any CPU.Build.0 = Debug|Any CPU
		{BF37BA1E-3C66-41A9-94D1-1B25BE4A9CC2}.Release|Any CPU.ActiveCfg = Release|Any CPU
		{BF37BA1E-3C66-41A9-94D1-1B25BE4A9CC2}.Release|Any CPU.Build.0 = Release|Any CPU
	EndGlobalSection
	GlobalSection(SolutionProperties) = preSolution
		HideSolutionNode = FALSE
	EndGlobalSection
	GlobalSection(ExtensibilityGlobals) = postSolution
		SolutionGuid = {B227B032-45EC-4F6A-B32C-E50B035144F5}
	EndGlobalSection
EndGlobal
